
Microsoft Visual Studio Solution File, Format Version 12.00
# Visual Studio Version 16
VisualStudioVersion = 16.0.31729.503
MinimumVisualStudioVersion = 10.0.40219.1
Project("{9A19103F-16F7-4668-BE54-9A1E7A4F7556}") = "Ashrftest", "Ashrftest.csproj", "{C9D7DCC9-2131-423F-B6DD-AF0C5532E5CC}"
EndProject
Project("{9A19103F-16F7-4668-BE54-9A1E7A4F7556}") = "Ashrftest-UnitTests", "..\Ashrftest-UnitTests\Ashrftest-UnitTests.csproj", "{81046CEF-EAC1-40F7-83CC-1BE80A778795}"
EndProject
Global
	GlobalSection(SolutionConfigurationPlatforms) = preSolution
		Debug|Any CPU = Debug|Any CPU
		Release|Any CPU = Release|Any CPU
	EndGlobalSection
	GlobalSection(ProjectConfigurationPlatforms) = postSolution
		{C9D7DCC9-2131-423F-B6DD-AF0C5532E5CC}.Debug|Any CPU.ActiveCfg = Debug|Any CPU
		{C9D7DCC9-2131-423F-B6DD-AF0C5532E5CC}.Debug|Any CPU.Build.0 = Debug|Any CPU
		{C9D7DCC9-2131-423F-B6DD-AF0C5532E5CC}.Release|Any CPU.ActiveCfg = Release|Any CPU
		{C9D7DCC9-2131-423F-B6DD-AF0C5532E5CC}.Release|Any CPU.Build.0 = Release|Any CPU
		{81046CEF-EAC1-40F7-83CC-1BE80A778795}.Debug|Any CPU.ActiveCfg = Debug|Any CPU
		{81046CEF-EAC1-40F7-83CC-1BE80A778795}.Debug|Any CPU.Build.0 = Debug|Any CPU
		{81046CEF-EAC1-40F7-83CC-1BE80A778795}.Release|Any CPU.ActiveCfg = Release|Any CPU
		{81046CEF-EAC1-40F7-83CC-1BE80A778795}.Release|Any CPU.Build.0 = Release|Any CPU
	EndGlobalSection
	GlobalSection(SolutionProperties) = preSolution
		HideSolutionNode = FALSE
	EndGlobalSection
	GlobalSection(ExtensibilityGlobals) = postSolution
		SolutionGuid = {3242E1FF-3A76-4A22-8481-1249941962CB}
	EndGlobalSection
EndGlobal
